### YamlMime:ManagedReference
items:
- uid: System.Windows.Media.Animation.AnimationClock
  id: AnimationClock
  children:
  - System.Windows.Media.Animation.AnimationClock.#ctor(System.Windows.Media.Animation.AnimationTimeline)
  - System.Windows.Media.Animation.AnimationClock.GetCurrentValue(System.Object,System.Object)
  - System.Windows.Media.Animation.AnimationClock.Timeline
  langs:
  - csharp
  name: AnimationClock
  nameWithType: AnimationClock
  fullName: System.Windows.Media.Animation.AnimationClock
  type: Class
  summary: "実行時の状態を維持、 <xref href=&quot;System.Windows.Media.Animation.AnimationTimeline&quot;> </xref>し、その出力値を処理します。"
  remarks: "AnimationClock オブジェクトはから生成される<xref:System.Windows.Media.Animation.AnimationTimeline>オブジェクト</xref:System.Windows.Media.Animation.AnimationTimeline>。 <xref:System.Windows.Media.Animation.AnimationTimeline>、アニメーションの出力値を説明します期間、開始時刻が、基本的なアニメーションの時間、およびその他の情報を終了します。</xref:System.Windows.Media.Animation.AnimationTimeline> 。 記述されるアニメーションの値を処理する、AnimationClock、<xref:System.Windows.Media.Animation.AnimationTimeline>オブジェクト</xref:System.Windows.Media.Animation.AnimationTimeline>。"
  syntax:
    content: 'public class AnimationClock : System.Windows.Media.Animation.Clock'
  inheritance:
  - System.Object
  - System.Windows.Threading.DispatcherObject
  - System.Windows.Media.Animation.Clock
  implements: []
  inheritedMembers:
  - System.Windows.Media.Animation.Clock.Completed
  - System.Windows.Media.Animation.Clock.Controller
  - System.Windows.Media.Animation.Clock.CurrentGlobalSpeed
  - System.Windows.Media.Animation.Clock.CurrentGlobalSpeedInvalidated
  - System.Windows.Media.Animation.Clock.CurrentGlobalTime
  - System.Windows.Media.Animation.Clock.CurrentIteration
  - System.Windows.Media.Animation.Clock.CurrentProgress
  - System.Windows.Media.Animation.Clock.CurrentState
  - System.Windows.Media.Animation.Clock.CurrentStateInvalidated
  - System.Windows.Media.Animation.Clock.CurrentTime
  - System.Windows.Media.Animation.Clock.CurrentTimeInvalidated
  - System.Windows.Media.Animation.Clock.DiscontinuousTimeMovement
  - System.Windows.Media.Animation.Clock.GetCanSlip
  - System.Windows.Media.Animation.Clock.GetCurrentTimeCore
  - System.Windows.Media.Animation.Clock.HasControllableRoot
  - System.Windows.Media.Animation.Clock.IsPaused
  - System.Windows.Media.Animation.Clock.NaturalDuration
  - System.Windows.Media.Animation.Clock.Parent
  - System.Windows.Media.Animation.Clock.RemoveRequested
  - System.Windows.Media.Animation.Clock.SpeedChanged
  - System.Windows.Media.Animation.Clock.Stopped
  - System.Windows.Threading.DispatcherObject.CheckAccess
  - System.Windows.Threading.DispatcherObject.Dispatcher
  - System.Windows.Threading.DispatcherObject.VerifyAccess
  platform:
  - net462
- uid: System.Windows.Media.Animation.AnimationClock.#ctor(System.Windows.Media.Animation.AnimationTimeline)
  id: '#ctor(System.Windows.Media.Animation.AnimationTimeline)'
  parent: System.Windows.Media.Animation.AnimationClock
  langs:
  - csharp
  name: AnimationClock(AnimationTimeline)
  nameWithType: AnimationClock.AnimationClock(AnimationTimeline)
  fullName: System.Windows.Media.Animation.AnimationClock.AnimationClock(AnimationTimeline)
  type: Constructor
  assemblies:
  - PresentationCore
  namespace: System.Windows.Media.Animation
  summary: "新しいインスタンスを初期化、 <xref href=&quot;System.Windows.Media.Animation.AnimationClock&quot;> </xref>クラスです。"
  syntax:
    content: protected AnimationClock (System.Windows.Media.Animation.AnimationTimeline animation);
    parameters:
    - id: animation
      type: System.Windows.Media.Animation.AnimationTimeline
      description: "この時計を記述するアニメーションの値とタイミング動作に出力します。"
  overload: System.Windows.Media.Animation.AnimationClock.#ctor*
  exceptions: []
  platform:
  - net462
- uid: System.Windows.Media.Animation.AnimationClock.GetCurrentValue(System.Object,System.Object)
  id: GetCurrentValue(System.Object,System.Object)
  parent: System.Windows.Media.Animation.AnimationClock
  langs:
  - csharp
  name: GetCurrentValue(Object,Object)
  nameWithType: AnimationClock.GetCurrentValue(Object,Object)
  fullName: System.Windows.Media.Animation.AnimationClock.GetCurrentValue(Object,Object)
  type: Method
  assemblies:
  - PresentationCore
  namespace: System.Windows.Media.Animation
  summary: "現在の出力値を取得、 <xref href=&quot;System.Windows.Media.Animation.AnimationClock&quot;></xref>です。"
  syntax:
    content: public object GetCurrentValue (object defaultOriginValue, object defaultDestinationValue);
    parameters:
    - id: defaultOriginValue
      type: System.Object
      description: "配信元の値は、アニメーションが独自の開始値を持たないかどうか、クロックに提供します。 この時計がアニメーション化するプロパティのベース値がなりますコンポジション チェーンの最初の場合そうでなければ、チェーン内の前のクロックによって返される値"
    - id: defaultDestinationValue
      type: System.Object
      description: "アニメーションに独自の変換先の値がない場合、クロックに提供される宛先値。 この時計がアニメーション化するプロパティのベース値がなりますコンポジション チェーンの最初の場合そうでなければ、チェーン内の前のクロックによって返される値"
    return:
      type: System.Object
      description: "この現在の値<xref href=&quot;System.Windows.Media.Animation.AnimationClock&quot;></xref>です。"
  overload: System.Windows.Media.Animation.AnimationClock.GetCurrentValue*
  exceptions: []
  platform:
  - net462
- uid: System.Windows.Media.Animation.AnimationClock.Timeline
  id: Timeline
  parent: System.Windows.Media.Animation.AnimationClock
  langs:
  - csharp
  name: Timeline
  nameWithType: AnimationClock.Timeline
  fullName: System.Windows.Media.Animation.AnimationClock.Timeline
  type: Property
  assemblies:
  - PresentationCore
  namespace: System.Windows.Media.Animation
  summary: "取得、 <xref href=&quot;System.Windows.Media.Animation.AnimationTimeline&quot;> </xref>クロックの動作を説明します。"
  syntax:
    content: public System.Windows.Media.Animation.AnimationTimeline Timeline { get; }
    return:
      type: System.Windows.Media.Animation.AnimationTimeline
      description: "この時計の動作を説明するアニメーション。"
  overload: System.Windows.Media.Animation.AnimationClock.Timeline*
  exceptions: []
  platform:
  - net462
references:
- uid: System.Windows.Media.Animation.Clock
  isExternal: false
  name: System.Windows.Media.Animation.Clock
- uid: System.Windows.Media.Animation.AnimationClock.#ctor(System.Windows.Media.Animation.AnimationTimeline)
  parent: System.Windows.Media.Animation.AnimationClock
  isExternal: false
  name: AnimationClock(AnimationTimeline)
  nameWithType: AnimationClock.AnimationClock(AnimationTimeline)
  fullName: System.Windows.Media.Animation.AnimationClock.AnimationClock(AnimationTimeline)
- uid: System.Windows.Media.Animation.AnimationTimeline
  parent: System.Windows.Media.Animation
  isExternal: false
  name: AnimationTimeline
  nameWithType: AnimationTimeline
  fullName: System.Windows.Media.Animation.AnimationTimeline
- uid: System.Windows.Media.Animation.AnimationClock.GetCurrentValue(System.Object,System.Object)
  parent: System.Windows.Media.Animation.AnimationClock
  isExternal: false
  name: GetCurrentValue(Object,Object)
  nameWithType: AnimationClock.GetCurrentValue(Object,Object)
  fullName: System.Windows.Media.Animation.AnimationClock.GetCurrentValue(Object,Object)
- uid: System.Object
  parent: System
  isExternal: true
  name: Object
  nameWithType: Object
  fullName: System.Object
- uid: System.Windows.Media.Animation.AnimationClock.Timeline
  parent: System.Windows.Media.Animation.AnimationClock
  isExternal: false
  name: Timeline
  nameWithType: AnimationClock.Timeline
  fullName: System.Windows.Media.Animation.AnimationClock.Timeline
- uid: System.Windows.Media.Animation.AnimationClock.#ctor*
  parent: System.Windows.Media.Animation.AnimationClock
  isExternal: false
  name: AnimationClock
  nameWithType: AnimationClock.AnimationClock
- uid: System.Windows.Media.Animation.AnimationClock.GetCurrentValue*
  parent: System.Windows.Media.Animation.AnimationClock
  isExternal: false
  name: GetCurrentValue
  nameWithType: AnimationClock.GetCurrentValue
- uid: System.Windows.Media.Animation.AnimationClock.Timeline*
  parent: System.Windows.Media.Animation.AnimationClock
  isExternal: false
  name: Timeline
  nameWithType: AnimationClock.Timeline
